
Microsoft Visual Studio Solution File, Format Version 12.00
# Visual Studio 15
VisualStudioVersion = 15.0.28307.779
MinimumVisualStudioVersion = 10.0.40219.1
Project("{FAE04EC0-301F-11D3-BF4B-00C04F79EFBC}") = "EvidencijaZaposlenih", "EvidencijaZaposlenih\EvidencijaZaposlenih.csproj", "{77817154-7480-4056-BEC2-691A93A637A5}"
EndProject
Project("{FAE04EC0-301F-11D3-BF4B-00C04F79EFBC}") = "EvidencijaZaposlenih.Tests", "EvidencijaZaposlenih.Tests\EvidencijaZaposlenih.Tests.csproj", "{2973A96B-D0B0-4FB9-8ACC-DA4BC54BEFFF}"
EndProject
Global
	GlobalSection(SolutionConfigurationPlatforms) = preSolution
		Debug|Any CPU = Debug|Any CPU
		Release|Any CPU = Release|Any CPU
	EndGlobalSection
	GlobalSection(ProjectConfigurationPlatforms) = postSolution
		{77817154-7480-4056-BEC2-691A93A637A5}.Debug|Any CPU.ActiveCfg = Debug|Any CPU
		{77817154-7480-4056-BEC2-691A93A637A5}.Debug|Any CPU.Build.0 = Debug|Any CPU
		{77817154-7480-4056-BEC2-691A93A637A5}.Release|Any CPU.ActiveCfg = Release|Any CPU
		{77817154-7480-4056-BEC2-691A93A637A5}.Release|Any CPU.Build.0 = Release|Any CPU
		{2973A96B-D0B0-4FB9-8ACC-DA4BC54BEFFF}.Debug|Any CPU.ActiveCfg = Debug|Any CPU
		{2973A96B-D0B0-4FB9-8ACC-DA4BC54BEFFF}.Debug|Any CPU.Build.0 = Debug|Any CPU
		{2973A96B-D0B0-4FB9-8ACC-DA4BC54BEFFF}.Release|Any CPU.ActiveCfg = Release|Any CPU
		{2973A96B-D0B0-4FB9-8ACC-DA4BC54BEFFF}.Release|Any CPU.Build.0 = Release|Any CPU
	EndGlobalSection
	GlobalSection(SolutionProperties) = preSolution
		HideSolutionNode = FALSE
	EndGlobalSection
	GlobalSection(ExtensibilityGlobals) = postSolution
		SolutionGuid = {C21012E3-5ACF-40A2-B9F2-2829DF336B14}
	EndGlobalSection
EndGlobal
